{
  "nodes": {
    "nixpkgs": {
      "locked": {
        "lastModified": 1771179773,
        "narHash": "sha256-uqY4H/M59AHJvhlpOwO50iQxhsy2qn2j3fJKLLVfv3w=",
        "owner": "reckenrode",
        "repo": "nixpkgs",
        "rev": "094c4e58a8d0a417099836b3f068ada9e2c887ad",
        "type": "github"
      },
      "original": {
        "owner": "reckenrode",
        "ref": "swift-update-mk2",
        "repo": "nixpkgs",
        "type": "github"
      }
    },
    "root": {
      "inputs": {
        "nixpkgs": "nixpkgs"
      }
    }
  },
  "root": "root",
  "version": 7
}
